// !$*UTF8*$!
{
	archiveVersion = 1;
	classes = {
	};
	objectVersion = 52;
	objects = {

/* Begin PBXBuildFile section */
		28C2A42123316B4B00642F19 /* AppDelegate.swift in Sources */ = {isa = PBXBuildFile; fileRef = 28C2A42023316B4B00642F19 /* AppDelegate.swift */; };
		28C2A42323316B4B00642F19 /* SceneDelegate.swift in Sources */ = {isa = PBXBuildFile; fileRef = 28C2A42223316B4B00642F19 /* SceneDelegate.swift */; };
		28C2A42523316B4B00642F19 /* ViewController.swift in Sources */ = {isa = PBXBuildFile; fileRef = 28C2A42423316B4B00642F19 /* ViewController.swift */; };
		28C2A42823316B4B00642F19 /* Main.storyboard in Resources */ = {isa = PBXBuildFile; fileRef = 28C2A42623316B4B00642F19 /* Main.storyboard */; };
		28C2A42A23316B4C00642F19 /* Assets.xcassets in Resources */ = {isa = PBXBuildFile; fileRef = 28C2A42923316B4C00642F19 /* Assets.xcassets */; };
		28C2A42D23316B4C00642F19 /* LaunchScreen.storyboard in Resources */ = {isa = PBXBuildFile; fileRef = 28C2A42B23316B4C00642F19 /* LaunchScreen.storyboard */; };
		28C2A4362331700700642F19 /* PackageLibrary in Frameworks */ = {isa = PBXBuildFile; productRef = 28C2A4352331700700642F19 /* PackageLibrary */; };
/* End PBXBuildFile section */

/* Begin PBXFileReference section */
		28C2A41D23316B4B00642F19 /* KDKeyboardTracker-Example.app */ = {isa = PBXFileReference; explicitFileType = wrapper.application; includeInIndex = 0; path = "KDKeyboardTracker-Example.app"; sourceTree = BUILT_PRODUCTS_DIR; };
		28C2A42023316B4B00642F19 /* AppDelegate.swift */ = {isa = PBXFileReference; lastKnownFileType = sourcecode.swift; path = AppDelegate.swift; sourceTree = "<group>"; };
		28C2A42223316B4B00642F19 /* SceneDelegate.swift */ = {isa = PBXFileReference; lastKnownFileType = sourcecode.swift; path = SceneDelegate.swift; sourceTree = "<group>"; };
		28C2A42423316B4B00642F19 /* ViewController.swift */ = {isa = PBXFileReference; lastKnownFileType = sourcecode.swift; path = ViewController.swift; sourceTree = "<group>"; };
		28C2A42723316B4B00642F19 /* Base */ = {isa = PBXFileReference; lastKnownFileType = file.storyboard; name = Base; path = Base.lproj/Main.storyboard; sourceTree = "<group>"; };
		28C2A42923316B4C00642F19 /* Assets.xcassets */ = {isa = PBXFileReference; lastKnownFileType = folder.assetcatalog; path = Assets.xcassets; sourceTree = "<group>"; };
		28C2A42C23316B4C00642F19 /* Base */ = {isa = PBXFileReference; lastKnownFileType = file.storyboard; name = Base; path = Base.lproj/LaunchScreen.storyboard; sourceTree = "<group>"; };
		28C2A42E23316B4C00642F19 /* Info.plist */ = {isa = PBXFileReference; lastKnownFileType = text.plist.xml; path = Info.plist; sourceTree = "<group>"; };
/* End PBXFileReference section */

/* Begin PBXFrameworksBuildPhase section */
		28C2A41A23316B4B00642F19 /* Frameworks */ = {
			isa = PBXFrameworksBuildPhase;
			buildActionMask = 2147483647;
			files = (
				28C2A4362331700700642F19 /* PackageLibrary in Frameworks */,
			);
			runOnlyForDeploymentPostprocessing = 0;
		};
/* End PBXFrameworksBuildPhase section */

/* Begin PBXGroup section */
		28C2A41423316B4A00642F19 = {
			isa = PBXGroup;
			children = (
				28C2A41F23316B4B00642F19 /* KDKeyboardTracker-Example */,
				28C2A41E23316B4B00642F19 /* Products */,
				28C2A4342331700700642F19 /* Frameworks */,
			);
			sourceTree = "<group>";
		};
		28C2A41E23316B4B00642F19 /* Products */ = {
			isa = PBXGroup;
			children = (
				28C2A41D23316B4B00642F19 /* KDKeyboardTracker-Example.app */,
			);
			name = Products;
			sourceTree = "<group>";
		};
		28C2A41F23316B4B00642F19 /* KDKeyboardTracker-Example */ = {
			isa = PBXGroup;
			children = (
				28C2A42023316B4B00642F19 /* AppDelegate.swift */,
				28C2A42223316B4B00642F19 /* SceneDelegate.swift */,
				28C2A42423316B4B00642F19 /* ViewController.swift */,
				28C2A42623316B4B00642F19 /* Main.storyboard */,
				28C2A42923316B4C00642F19 /* Assets.xcassets */,
				28C2A42B23316B4C00642F19 /* LaunchScreen.storyboard */,
				28C2A42E23316B4C00642F19 /* Info.plist */,
			);
			path = "KDKeyboardTracker-Example";
			sourceTree = "<group>";
		};
		28C2A4342331700700642F19 /* Frameworks */ = {
			isa = PBXGroup;
			children = (
			);
			name = Frameworks;
			sourceTree = "<group>";
		};
/* End PBXGroup section */

/* Begin PBXNativeTarget section */
		28C2A41C23316B4B00642F19 /* KDKeyboardTracker-Example */ = {
			isa = PBXNativeTarget;
			buildConfigurationList = 28C2A43123316B4C00642F19 /* Build configuration list for PBXNativeTarget "KDKeyboardTracker-Example" */;
			buildPhases = (
				28C2A41923316B4B00642F19 /* Sources */,
				28C2A41A23316B4B00642F19 /* Frameworks */,
				28C2A41B23316B4B00642F19 /* Resources */,
			);
			buildRules = (
			);
			dependencies = (
			);
			name = "KDKeyboardTracker-Example";
			packageProductDependencies = (
				28C2A4352331700700642F19 /* PackageLibrary */,
			);
			productName = "KDKeyboardTracker-Example";
			productReference = 28C2A41D23316B4B00642F19 /* KDKeyboardTracker-Example.app */;
			productType = "com.apple.product-type.application";
		};
/* End PBXNativeTarget section */

/* Begin PBXProject section */
		28C2A41523316B4A00642F19 /* Project object */ = {
			isa = PBXProject;
			attributes = {
				LastSwiftUpdateCheck = 1100;
				LastUpgradeCheck = 1100;
				ORGANIZATIONNAME = "Koder, Inc.";
				TargetAttributes = {
					28C2A41C23316B4B00642F19 = {
						CreatedOnToolsVersion = 11.0;
					};
				};
			};
			buildConfigurationList = 28C2A41823316B4A00642F19 /* Build configuration list for PBXProject "KDKeyboardTracker-Example" */;
			compatibilityVersion = "Xcode 9.3";
			developmentRegion = en;
			hasScannedForEncodings = 0;
			knownRegions = (
				en,
				Base,
			);
			mainGroup = 28C2A41423316B4A00642F19;
			productRefGroup = 28C2A41E23316B4B00642F19 /* Products */;
			projectDirPath = "";
			projectRoot = "";
			targets = (
				28C2A41C23316B4B00642F19 /* KDKeyboardTracker-Example */,
			);
		};
/* End PBXProject section */

/* Begin PBXResourcesBuildPhase section */
		28C2A41B23316B4B00642F19 /* Resources */ = {
			isa = PBXResourcesBuildPhase;
			buildActionMask = 2147483647;
			files = (
				28C2A42D23316B4C00642F19 /* LaunchScreen.storyboard in Resources */,
				28C2A42A23316B4C00642F19 /* Assets.xcassets in Resources */,
				28C2A42823316B4B00642F19 /* Main.storyboard in Resources */,
			);
			runOnlyForDeploymentPostprocessing = 0;
		};
/* End PBXResourcesBuildPhase section */

/* Begin PBXSourcesBuildPhase section */
		28C2A41923316B4B00642F19 /* Sources */ = {
			isa = PBXSourcesBuildPhase;
			buildActionMask = 2147483647;
			files = (
				28C2A42523316B4B00642F19 /* ViewController.swift in Sources */,
				28C2A42123316B4B00642F19 /* AppDelegate.swift in Sources */,
				28C2A42323316B4B00642F19 /* SceneDelegate.swift in Sources */,
			);
			runOnlyForDeploymentPostprocessing = 0;
		};
/* End PBXSourcesBuildPhase section */

/* Begin PBXVariantGroup section */
		28C2A42623316B4B00642F19 /* Main.storyboard */ = {
			isa = PBXVariantGroup;
			children = (
				28C2A42723316B4B00642F19 /* Base */,
			);
			name = Main.storyboard;
			sourceTree = "<group>";
		};
		28C2A42B23316B4C00642F19 /* LaunchScreen.storyboard */ = {
			isa = PBXVariantGroup;
			children = (
				28C2A42C23316B4C00642F19 /* Base */,
			);
			name = LaunchScreen.storyboard;
			sourceTree = "<group>";
		};
/* End PBXVariantGroup section */

/* Begin XCBuildConfiguration section */
		28C2A42F23316B4C00642F19 /* Debug */ = {
			isa = XCBuildConfiguration;
			buildSettings = {
				ALWAYS_SEARCH_USER_PATHS = NO;
				CLANG_ANALYZER_NONNULL = YES;
				CLANG_ANALYZER_NUMBER_OBJECT_CONVERSION = YES_AGGRESSIVE;
				CLANG_CXX_LANGUAGE_STANDARD = "gnu++14";
				CLANG_CXX_LIBRARY = "libc++";
				CLANG_ENABLE_MODULES = YES;
				CLANG_ENABLE_OBJC_ARC = YES;
				CLANG_ENABLE_OBJC_WEAK = YES;
				CLANG_WARN_BLOCK_CAPTURE_AUTORELEASING = YES;
				CLANG_WARN_BOOL_CONVERSION = YES;
				CLANG_WARN_COMMA = YES;
				CLANG_WARN_CONSTANT_CONVERSION = YES;
				CLANG_WARN_DEPRECATED_OBJC_IMPLEMENTATIONS = YES;
				CLANG_WARN_DIRECT_OBJC_ISA_USAGE = YES_ERROR;
				CLANG_WARN_DOCUMENTATION_COMMENTS = YES;
				CLANG_WARN_EMPTY_BODY = YES;
				CLANG_WARN_ENUM_CONVERSION = YES;
				CLANG_WARN_INFINITE_RECURSION = YES;
				CLANG_WARN_INT_CONVERSION = YES;
				CLANG_WARN_NON_LITERAL_NULL_CONVERSION = YES;
				CLANG_WARN_OBJC_IMPLICIT_RETAIN_SELF = YES;
				CLANG_WARN_OBJC_LITERAL_CONVERSION = YES;
				CLANG_WARN_OBJC_ROOT_CLASS = YES_ERROR;
				CLANG_WARN_RANGE_LOOP_ANALYSIS = YES;
				CLANG_WARN_STRICT_PROTOTYPES = YES;
				CLANG_WARN_SUSPICIOUS_MOVE = YES;
				CLANG_WARN_UNGUARDED_AVAILABILITY = YES_AGGRESSIVE;
				CLANG_WARN_UNREACHABLE_CODE = YES;
				CLANG_WARN__DUPLICATE_METHOD_MATCH = YES;
				COPY_PHASE_STRIP = NO;
				DEBUG_INFORMATION_FORMAT = dwarf;
				ENABLE_STRICT_OBJC_MSGSEND = YES;
				ENABLE_TESTABILITY = YES;
				GCC_C_LANGUAGE_STANDARD = gnu11;
				GCC_DYNAMIC_NO_PIC = NO;
				GCC_NO_COMMON_BLOCKS = YES;
				GCC_OPTIMIZATION_LEVEL = 0;
				GCC_PREPROCESSOR_DEFINITIONS = (
					"DEBUG=1",
					"$(inherited)",
				);
				GCC_WARN_64_TO_32_BIT_CONVERSION = YES;
				GCC_WARN_ABOUT_RETURN_TYPE = YES_ERROR;
				GCC_WARN_UNDECLARED_SELECTOR = YES;
				GCC_WARN_UNINITIALIZED_AUTOS = YES_AGGRESSIVE;
				GCC_WARN_UNUSED_FUNCTION = YES;
				GCC_WARN_UNUSED_VARIABLE = YES;
				IPHONEOS_DEPLOYMENT_TARGET = 13.0;
				MTL_ENABLE_DEBUG_INFO = INCLUDE_SOURCE;
				MTL_FAST_MATH = YES;
				ONLY_ACTIVE_ARCH = YES;
				SDKROOT = iphoneos;
				SWIFT_ACTIVE_COMPILATION_CONDITIONS = DEBUG;
				SWIFT_OPTIMIZATION_LEVEL = "-Onone";
			};
			name = Debug;
		};
		28C2A43023316B4C00642F19 /* Release */ = {
			isa = XCBuildConfiguration;
			buildSettings = {
				ALWAYS_SEARCH_USER_PATHS = NO;
				CLANG_ANALYZER_NONNULL = YES;
				CLANG_ANALYZER_NUMBER_OBJECT_CONVERSION = YES_AGGRESSIVE;
				CLANG_CXX_LANGUAGE_STANDARD = "gnu++14";
				CLANG_CXX_LIBRARY = "libc++";
				CLANG_ENABLE_MODULES = YES;
				CLANG_ENABLE_OBJC_ARC = YES;
				CLANG_ENABLE_OBJC_WEAK = YES;
				CLANG_WARN_BLOCK_CAPTURE_AUTORELEASING = YES;
				CLANG_WARN_BOOL_CONVERSION = YES;
				CLANG_WARN_COMMA = YES;
				CLANG_WARN_CONSTANT_CONVERSION = YES;
				CLANG_WARN_DEPRECATED_OBJC_IMPLEMENTATIONS = YES;
				CLANG_WARN_DIRECT_OBJC_ISA_USAGE = YES_ERROR;
				CLANG_WARN_DOCUMENTATION_COMMENTS = YES;
				CLANG_WARN_EMPTY_BODY = YES;
				CLANG_WARN_ENUM_CONVERSION = YES;
				CLANG_WARN_INFINITE_RECURSION = YES;
				CLANG_WARN_INT_CONVERSION = YES;
				CLANG_WARN_NON_LITERAL_NULL_CONVERSION = YES;
				CLANG_WARN_OBJC_IMPLICIT_RETAIN_SELF = YES;
				CLANG_WARN_OBJC_LITERAL_CONVERSION = YES;
				CLANG_WARN_OBJC_ROOT_CLASS = YES_ERROR;
				CLANG_WARN_RANGE_LOOP_ANALYSIS = YES;
				CLANG_WARN_STRICT_PROTOTYPES = YES;
				CLANG_WARN_SUSPICIOUS_MOVE = YES;
				CLANG_WARN_UNGUARDED_AVAILABILITY = YES_AGGRESSIVE;
				CLANG_WARN_UNREACHABLE_CODE = YES;
				CLANG_WARN__DUPLICATE_METHOD_MATCH = YES;
				COPY_PHASE_STRIP = NO;
				DEBUG_INFORMATION_FORMAT = "dwarf-with-dsym";
				ENABLE_NS_ASSERTIONS = NO;
				ENABLE_STRICT_OBJC_MSGSEND = YES;
				GCC_C_LANGUAGE_STANDARD = gnu11;
				GCC_NO_COMMON_BLOCKS = YES;
				GCC_WARN_64_TO_32_BIT_CONVERSION = YES;
				GCC_WARN_ABOUT_RETURN_TYPE = YES_ERROR;
				GCC_WARN_UNDECLARED_SELECTOR = YES;
				GCC_WARN_UNINITIALIZED_AUTOS = YES_AGGRESSIVE;
				GCC_WARN_UNUSED_FUNCTION = YES;
				GCC_WARN_UNUSED_VARIABLE = YES;
				IPHONEOS_DEPLOYMENT_TARGET = 13.0;
				MTL_ENABLE_DEBUG_INFO = NO;
				MTL_FAST_MATH = YES;
				SDKROOT = iphoneos;
				SWIFT_COMPILATION_MODE = wholemodule;
				SWIFT_OPTIMIZATION_LEVEL = "-O";
				VALIDATE_PRODUCT = YES;
			};
			name = Release;
		};
		28C2A43223316B4C00642F19 /* Debug */ = {
			isa = XCBuildConfiguration;
			buildSettings = {
				ASSETCATALOG_COMPILER_APPICON_NAME = AppIcon;
				CODE_SIGN_STYLE = Automatic;
				DEVELOPMENT_TEAM = "";
				INFOPLIST_FILE = "KDKeyboardTracker-Example/Info.plist";
				LD_RUNPATH_SEARCH_PATHS = (
					"$(inherited)",
					"@executable_path/Frameworks",
				);
				PRODUCT_BUNDLE_IDENTIFIER = "com.koder.KDKeyboardTracker-Example";
				PRODUCT_NAME = "$(TARGET_NAME)";
				SWIFT_VERSION = 5.0;
				TARGETED_DEVICE_FAMILY = "1,2";
			};
			name = Debug;
		};
		28C2A43323316B4C00642F19 /* Release */ = {
			isa = XCBuildConfiguration;
			buildSettings = {
				ASSETCATALOG_COMPILER_APPICON_NAME = AppIcon;
				CODE_SIGN_STYLE = Automatic;
				DEVELOPMENT_TEAM = "";
				INFOPLIST_FILE = "KDKeyboardTracker-Example/Info.plist";
				LD_RUNPATH_SEARCH_PATHS = (
					"$(inherited)",
					"@executable_path/Frameworks",
				);
				PRODUCT_BUNDLE_IDENTIFIER = "com.koder.KDKeyboardTracker-Example";
				PRODUCT_NAME = "$(TARGET_NAME)";
				SWIFT_VERSION = 5.0;
				TARGETED_DEVICE_FAMILY = "1,2";
			};
			name = Release;
		};
/* End XCBuildConfiguration section */

/* Begin XCConfigurationList section */
		28C2A41823316B4A00642F19 /* Build configuration list for PBXProject "KDKeyboardTracker-Example" */ = {
			isa = XCConfigurationList;
			buildConfigurations = (
				28C2A42F23316B4C00642F19 /* Debug */,
				28C2A43023316B4C00642F19 /* Release */,
			);
			defaultConfigurationIsVisible = 0;
			defaultConfigurationName = Release;
		};
		28C2A43123316B4C00642F19 /* Build configuration list for PBXNativeTarget "KDKeyboardTracker-Example" */ = {
			isa = XCConfigurationList;
			buildConfigurations = (
				28C2A43223316B4C00642F19 /* Debug */,
				28C2A43323316B4C00642F19 /* Release */,
			);
			defaultConfigurationIsVisible = 0;
			defaultConfigurationName = Release;
		};
/* End XCConfigurationList section */

/* Begin XCSwiftPackageProductDependency section */
		28C2A4352331700700642F19 /* PackageLibrary */ = {
			isa = XCSwiftPackageProductDependency;
			productName = PackageLibrary;
		};
/* End XCSwiftPackageProductDependency section */
	};
	rootObject = 28C2A41523316B4A00642F19 /* Project object */;
}
